<?xml version="1.0" encoding="utf-8"?>
<Project ToolsVersion="4.0" xmlns="http://schemas.microsoft.com/developer/msbuild/2003">
  <ItemGroup>
    <Filter Include="Source Files">
      <UniqueIdentifier>{4FC737F1-C7A5-4376-A066-2A32D752A2FF}</UniqueIdentifier>
      <Extensions>cpp;c;cc;cxx;def;odl;idl;hpj;bat;asm;asmx</Extensions>
    </Filter>
    <Filter Include="Header Files">
      <UniqueIdentifier>{93995380-89BD-4b04-88EB-625FBE52EBFB}</UniqueIdentifier>
      <Extensions>h;hh;hpp;hxx;hm;inl;inc;xsd</Extensions>
    </Filter>
    <Filter Include="Resource Files">
      <UniqueIdentifier>{67DA6AB6-F800-4c08-8B7A-83BB121AAD01}</UniqueIdentifier>
      <Extensions>rc;ico;cur;bmp;dlg;rc2;rct;bin;rgs;gif;jpg;jpeg;jpe;resx;tiff;tif;png;wav;mfcribbon-ms</Extensions>
    </Filter>
  </ItemGroup>
  <ItemGroup>
    <ClInclude Include="includes\ffmpeg.h">
      <Filter>Header Files</Filter>
    </ClInclude>
    <ClInclude Include="includes\codec.h">
      <Filter>Header Files</Filter>
    </ClInclude>
    <ClInclude Include="includes\stdafx.h">
      <Filter>Header Files</Filter>
    </ClInclude>
    <ClInclude Include="src\ffmpeg_includes.h">
      <Filter>Header Files</Filter>
    </ClInclude>
    <ClInclude Include="includes\ffmpeg_exception.h">
      <Filter>Header Files</Filter>
    </ClInclude>
    <ClInclude Include="includes\dictionary.h">
      <Filter>Header Files</Filter>
    </ClInclude>
    <ClInclude Include="src\dictionary_pimpl.h">
      <Filter>Header Files</Filter>
    </ClInclude>
    <ClInclude Include="includes\stream.h">
      <Filter>Header Files</Filter>
    </ClInclude>
    <ClInclude Include="src\stream_pimpl.h">
      <Filter>Header Files</Filter>
    </ClInclude>
    <ClInclude Include="src\codec_pimpl.h">
      <Filter>Header Files</Filter>
    </ClInclude>
    <ClInclude Include="includes\decoder.h">
      <Filter>Header Files</Filter>
    </ClInclude>
    <ClInclude Include="src\decoder_pimpl.h">
      <Filter>Header Files</Filter>
    </ClInclude>
    <ClInclude Include="includes\frame.h">
      <Filter>Header Files</Filter>
    </ClInclude>
    <ClInclude Include="includes\swscale.h">
      <Filter>Header Files</Filter>
    </ClInclude>
    <ClInclude Include="src\frame_pimpl.h">
      <Filter>Header Files</Filter>
    </ClInclude>
    <ClInclude Include="includes\exports.h">
      <Filter>Header Files</Filter>
    </ClInclude>
    <ClInclude Include="includes\datastructures.h">
      <Filter>Header Files</Filter>
    </ClInclude>
    <ClInclude Include="src\datastructures_conversion.h">
      <Filter>Header Files</Filter>
    </ClInclude>
    <ClInclude Include="includes\encoder.h">
      <Filter>Header Files</Filter>
    </ClInclude>
    <ClInclude Include="includes\packet.h">
      <Filter>Header Files</Filter>
    </ClInclude>
    <ClInclude Include="src\packet_pimpl.h">
      <Filter>Header Files</Filter>
    </ClInclude>
    <ClInclude Include="src\stringutils.h">
      <Filter>Header Files</Filter>
    </ClInclude>
    <ClInclude Include="includes\formatcontext.h">
      <Filter>Header Files</Filter>
    </ClInclude>
    <ClInclude Include="src\formatcontext_pimpl.h">
      <Filter>Header Files</Filter>
    </ClInclude>
    <ClInclude Include="src\iobuffer.h">
      <Filter>Header Files</Filter>
    </ClInclude>
    <ClInclude Include="includes\memorycontext.h">
      <Filter>Header Files</Filter>
    </ClInclude>
    <ClInclude Include="src\memorycontext_pimpl.h">
      <Filter>Header Files</Filter>
    </ClInclude>
    <ClInclude Include="includes\bitstreamfilter.h">
      <Filter>Header Files</Filter>
    </ClInclude>
    <ClInclude Include="src\bitstreamfilter_pimpl.h">
      <Filter>Header Files</Filter>
    </ClInclude>
  </ItemGroup>
  <ItemGroup>
    <ClCompile Include="src\ffmpeg.cpp">
      <Filter>Source Files</Filter>
    </ClCompile>
    <ClCompile Include="src\dictionary.cpp">
      <Filter>Source Files</Filter>
    </ClCompile>
    <ClCompile Include="src\stream.cpp">
      <Filter>Source Files</Filter>
    </ClCompile>
    <ClCompile Include="src\codec.cpp">
      <Filter>Source Files</Filter>
    </ClCompile>
    <ClCompile Include="src\decoder.cpp">
      <Filter>Source Files</Filter>
    </ClCompile>
    <ClCompile Include="src\frame.cpp">
      <Filter>Source Files</Filter>
    </ClCompile>
    <ClCompile Include="src\swscale.cpp">
      <Filter>Source Files</Filter>
    </ClCompile>
    <ClCompile Include="src\datastructures.cpp">
      <Filter>Source Files</Filter>
    </ClCompile>
    <ClCompile Include="src\encoder.cpp">
      <Filter>Source Files</Filter>
    </ClCompile>
    <ClCompile Include="src\ffmpeg_exception.cpp">
      <Filter>Source Files</Filter>
    </ClCompile>
    <ClCompile Include="src\packet.cpp">
      <Filter>Source Files</Filter>
    </ClCompile>
    <ClCompile Include="src\formatcontext.cpp">
      <Filter>Source Files</Filter>
    </ClCompile>
    <ClCompile Include="src\iobuffer.cpp">
      <Filter>Source Files</Filter>
    </ClCompile>
    <ClCompile Include="src\memorycontext.cpp">
      <Filter>Source Files</Filter>
    </ClCompile>
    <ClCompile Include="src\bitstreamfilter.cpp">
      <Filter>Source Files</Filter>
    </ClCompile>
  </ItemGroup>
</Project>